<?xml version="1.0" encoding="utf-8"?>
<Project ToolsVersion="4.0" xmlns="http://schemas.microsoft.com/developer/msbuild/2003">
  <ItemGroup>
    <Filter Include="소스 파일">
      <UniqueIdentifier>{4FC737F1-C7A5-4376-A066-2A32D752A2FF}</UniqueIdentifier>
      <Extensions>cpp;c;cc;cxx;c++;cppm;ixx;def;odl;idl;hpj;bat;asm;asmx</Extensions>
    </Filter>
    <Filter Include="헤더 파일">
      <UniqueIdentifier>{93995380-89BD-4b04-88EB-625FBE52EBFB}</UniqueIdentifier>
      <Extensions>h;hh;hpp;hxx;h++;hm;inl;inc;ipp;xsd</Extensions>
    </Filter>
    <Filter Include="리소스 파일">
      <UniqueIdentifier>{67DA6AB6-F800-4c08-8B7A-83BB121AAD01}</UniqueIdentifier>
      <Extensions>rc;ico;cur;bmp;dlg;rc2;rct;bin;rgs;gif;jpg;jpeg;jpe;resx;tiff;tif;png;wav;mfcribbon-ms</Extensions>
    </Filter>
    <Filter Include="소스 파일\ThreadPool">
      <UniqueIdentifier>{dafe434a-33ab-4f72-9c9b-b52d4d63976b}</UniqueIdentifier>
    </Filter>
    <Filter Include="소스 파일\Task">
      <UniqueIdentifier>{6bb71f7d-d3dc-4e53-89ce-195b5dd2bdb8}</UniqueIdentifier>
    </Filter>
    <Filter Include="소스 파일\Server">
      <UniqueIdentifier>{ea7f95bb-f10d-4511-a710-94a3f33df13f}</UniqueIdentifier>
    </Filter>
  </ItemGroup>
  <ItemGroup>
    <ClCompile Include="main.cpp">
      <Filter>소스 파일</Filter>
    </ClCompile>
    <ClCompile Include="ThreadPool\ThreadPool.cpp">
      <Filter>소스 파일\ThreadPool</Filter>
    </ClCompile>
    <ClCompile Include="Task\Task1.cpp">
      <Filter>소스 파일\Task</Filter>
    </ClCompile>
    <ClCompile Include="Server\AsyncServerTest.cpp">
      <Filter>소스 파일\Server</Filter>
    </ClCompile>
  </ItemGroup>
  <ItemGroup>
    <ClInclude Include="ThreadPool\ThreadPool.h">
      <Filter>소스 파일\ThreadPool</Filter>
    </ClInclude>
    <ClInclude Include="Task\Task1.h">
      <Filter>소스 파일\Task</Filter>
    </ClInclude>
    <ClInclude Include="Server\AsyncServerTest.h">
      <Filter>소스 파일\Server</Filter>
    </ClInclude>
  </ItemGroup>
</Project>